// !$*UTF8*$!
{
	archiveVersion = 1;
	classes = {
	};
	objectVersion = 50;
	objects = {

/* Begin PBXBuildFile section */
		A64746AA23A7FE59007AAB93 /* UIImage+Extensions.swift in Sources */ = {isa = PBXBuildFile; fileRef = A64746A923A7FE59007AAB93 /* UIImage+Extensions.swift */; };
		A6B36A9E2371CAE400912DB5 /* AppDelegate.swift in Sources */ = {isa = PBXBuildFile; fileRef = A6B36A9D2371CAE400912DB5 /* AppDelegate.swift */; };
		A6B36AA02371CAE400912DB5 /* SceneDelegate.swift in Sources */ = {isa = PBXBuildFile; fileRef = A6B36A9F2371CAE400912DB5 /* SceneDelegate.swift */; };
		A6B36AA22371CAE400912DB5 /* ViewController.swift in Sources */ = {isa = PBXBuildFile; fileRef = A6B36AA12371CAE400912DB5 /* ViewController.swift */; };
		A6B36AA52371CAE400912DB5 /* Main.storyboard in Resources */ = {isa = PBXBuildFile; fileRef = A6B36AA32371CAE400912DB5 /* Main.storyboard */; };
		A6B36AA72371CAE600912DB5 /* Assets.xcassets in Resources */ = {isa = PBXBuildFile; fileRef = A6B36AA62371CAE600912DB5 /* Assets.xcassets */; };
		A6B36AAA2371CAE600912DB5 /* LaunchScreen.storyboard in Resources */ = {isa = PBXBuildFile; fileRef = A6B36AA82371CAE600912DB5 /* LaunchScreen.storyboard */; };
		A6B36AB62371D99400912DB5 /* ThirstySoftRegular.otf in Resources */ = {isa = PBXBuildFile; fileRef = A6B36AB52371D99400912DB5 /* ThirstySoftRegular.otf */; };
		A6B36AB82371D9A400912DB5 /* Delm-Medium.otf in Resources */ = {isa = PBXBuildFile; fileRef = A6B36AB72371D9A400912DB5 /* Delm-Medium.otf */; };
/* End PBXBuildFile section */

/* Begin PBXFileReference section */
		A64746A923A7FE59007AAB93 /* UIImage+Extensions.swift */ = {isa = PBXFileReference; lastKnownFileType = sourcecode.swift; path = "UIImage+Extensions.swift"; sourceTree = "<group>"; };
		A6B36A9A2371CAE400912DB5 /* Instagrid.app */ = {isa = PBXFileReference; explicitFileType = wrapper.application; includeInIndex = 0; path = Instagrid.app; sourceTree = BUILT_PRODUCTS_DIR; };
		A6B36A9D2371CAE400912DB5 /* AppDelegate.swift */ = {isa = PBXFileReference; lastKnownFileType = sourcecode.swift; path = AppDelegate.swift; sourceTree = "<group>"; };
		A6B36A9F2371CAE400912DB5 /* SceneDelegate.swift */ = {isa = PBXFileReference; lastKnownFileType = sourcecode.swift; path = SceneDelegate.swift; sourceTree = "<group>"; };
		A6B36AA12371CAE400912DB5 /* ViewController.swift */ = {isa = PBXFileReference; lastKnownFileType = sourcecode.swift; path = ViewController.swift; sourceTree = "<group>"; };
		A6B36AA42371CAE400912DB5 /* Base */ = {isa = PBXFileReference; lastKnownFileType = file.storyboard; name = Base; path = Base.lproj/Main.storyboard; sourceTree = "<group>"; };
		A6B36AA62371CAE600912DB5 /* Assets.xcassets */ = {isa = PBXFileReference; lastKnownFileType = folder.assetcatalog; path = Assets.xcassets; sourceTree = "<group>"; };
		A6B36AA92371CAE600912DB5 /* Base */ = {isa = PBXFileReference; lastKnownFileType = file.storyboard; name = Base; path = Base.lproj/LaunchScreen.storyboard; sourceTree = "<group>"; };
		A6B36AAB2371CAE600912DB5 /* Info.plist */ = {isa = PBXFileReference; lastKnownFileType = text.plist.xml; path = Info.plist; sourceTree = "<group>"; };
		A6B36AB52371D99400912DB5 /* ThirstySoftRegular.otf */ = {isa = PBXFileReference; lastKnownFileType = file; path = ThirstySoftRegular.otf; sourceTree = "<group>"; };
		A6B36AB72371D9A400912DB5 /* Delm-Medium.otf */ = {isa = PBXFileReference; lastKnownFileType = file; path = "Delm-Medium.otf"; sourceTree = "<group>"; };
/* End PBXFileReference section */

/* Begin PBXFrameworksBuildPhase section */
		A6B36A972371CAE400912DB5 /* Frameworks */ = {
			isa = PBXFrameworksBuildPhase;
			buildActionMask = 2147483647;
			files = (
			);
			runOnlyForDeploymentPostprocessing = 0;
		};
/* End PBXFrameworksBuildPhase section */

/* Begin PBXGroup section */
		A64746A823A7FE28007AAB93 /* Extensions  */ = {
			isa = PBXGroup;
			children = (
				A64746A923A7FE59007AAB93 /* UIImage+Extensions.swift */,
			);
			path = "Extensions ";
			sourceTree = "<group>";
		};
		A6B36A912371CAE400912DB5 = {
			isa = PBXGroup;
			children = (
				A6B36A9C2371CAE400912DB5 /* Instagrid */,
				A6B36A9B2371CAE400912DB5 /* Products */,
			);
			sourceTree = "<group>";
		};
		A6B36A9B2371CAE400912DB5 /* Products */ = {
			isa = PBXGroup;
			children = (
				A6B36A9A2371CAE400912DB5 /* Instagrid.app */,
			);
			name = Products;
			sourceTree = "<group>";
		};
		A6B36A9C2371CAE400912DB5 /* Instagrid */ = {
			isa = PBXGroup;
			children = (
				A6B36AAB2371CAE600912DB5 /* Info.plist */,
				A64746A823A7FE28007AAB93 /* Extensions  */,
				A6B36AB42371CB4000912DB5 /* Supporting files */,
				A6B36AB32371CB0E00912DB5 /* Controller */,
				A6B36AB22371CB0600912DB5 /* View */,
				A6B36AB12371CAF300912DB5 /* Model */,
			);
			path = Instagrid;
			sourceTree = "<group>";
		};
		A6B36AB12371CAF300912DB5 /* Model */ = {
			isa = PBXGroup;
			children = (
			);
			path = Model;
			sourceTree = "<group>";
		};
		A6B36AB22371CB0600912DB5 /* View */ = {
			isa = PBXGroup;
			children = (
				A6B36AA32371CAE400912DB5 /* Main.storyboard */,
			);
			path = View;
			sourceTree = "<group>";
		};
		A6B36AB32371CB0E00912DB5 /* Controller */ = {
			isa = PBXGroup;
			children = (
				A6B36AA12371CAE400912DB5 /* ViewController.swift */,
			);
			path = Controller;
			sourceTree = "<group>";
		};
		A6B36AB42371CB4000912DB5 /* Supporting files */ = {
			isa = PBXGroup;
			children = (
				A6B36A9F2371CAE400912DB5 /* SceneDelegate.swift */,
				A6B36A9D2371CAE400912DB5 /* AppDelegate.swift */,
				A6B36AA82371CAE600912DB5 /* LaunchScreen.storyboard */,
				A6B36AA62371CAE600912DB5 /* Assets.xcassets */,
				A6B36AB72371D9A400912DB5 /* Delm-Medium.otf */,
				A6B36AB52371D99400912DB5 /* ThirstySoftRegular.otf */,
			);
			path = "Supporting files";
			sourceTree = "<group>";
		};
/* End PBXGroup section */

/* Begin PBXNativeTarget section */
		A6B36A992371CAE400912DB5 /* Instagrid */ = {
			isa = PBXNativeTarget;
			buildConfigurationList = A6B36AAE2371CAE600912DB5 /* Build configuration list for PBXNativeTarget "Instagrid" */;
			buildPhases = (
				A6B36A962371CAE400912DB5 /* Sources */,
				A6B36A972371CAE400912DB5 /* Frameworks */,
				A6B36A982371CAE400912DB5 /* Resources */,
			);
			buildRules = (
			);
			dependencies = (
			);
			name = Instagrid;
			productName = Instagrid;
			productReference = A6B36A9A2371CAE400912DB5 /* Instagrid.app */;
			productType = "com.apple.product-type.application";
		};
/* End PBXNativeTarget section */

/* Begin PBXProject section */
		A6B36A922371CAE400912DB5 /* Project object */ = {
			isa = PBXProject;
			attributes = {
				LastSwiftUpdateCheck = 1120;
				LastUpgradeCheck = 1120;
				ORGANIZATIONNAME = "Adam Mokhtar";
				TargetAttributes = {
					A6B36A992371CAE400912DB5 = {
						CreatedOnToolsVersion = 11.2;
					};
				};
			};
			buildConfigurationList = A6B36A952371CAE400912DB5 /* Build configuration list for PBXProject "Instagrid" */;
			compatibilityVersion = "Xcode 9.3";
			developmentRegion = en;
			hasScannedForEncodings = 0;
			knownRegions = (
				en,
				Base,
			);
			mainGroup = A6B36A912371CAE400912DB5;
			productRefGroup = A6B36A9B2371CAE400912DB5 /* Products */;
			projectDirPath = "";
			projectRoot = "";
			targets = (
				A6B36A992371CAE400912DB5 /* Instagrid */,
			);
		};
/* End PBXProject section */

/* Begin PBXResourcesBuildPhase section */
		A6B36A982371CAE400912DB5 /* Resources */ = {
			isa = PBXResourcesBuildPhase;
			buildActionMask = 2147483647;
			files = (
				A6B36AAA2371CAE600912DB5 /* LaunchScreen.storyboard in Resources */,
				A6B36AB82371D9A400912DB5 /* Delm-Medium.otf in Resources */,
				A6B36AA72371CAE600912DB5 /* Assets.xcassets in Resources */,
				A6B36AB62371D99400912DB5 /* ThirstySoftRegular.otf in Resources */,
				A6B36AA52371CAE400912DB5 /* Main.storyboard in Resources */,
			);
			runOnlyForDeploymentPostprocessing = 0;
		};
/* End PBXResourcesBuildPhase section */

/* Begin PBXSourcesBuildPhase section */
		A6B36A962371CAE400912DB5 /* Sources */ = {
			isa = PBXSourcesBuildPhase;
			buildActionMask = 2147483647;
			files = (
				A6B36AA22371CAE400912DB5 /* ViewController.swift in Sources */,
				A6B36A9E2371CAE400912DB5 /* AppDelegate.swift in Sources */,
				A6B36AA02371CAE400912DB5 /* SceneDelegate.swift in Sources */,
				A64746AA23A7FE59007AAB93 /* UIImage+Extensions.swift in Sources */,
			);
			runOnlyForDeploymentPostprocessing = 0;
		};
/* End PBXSourcesBuildPhase section */

/* Begin PBXVariantGroup section */
		A6B36AA32371CAE400912DB5 /* Main.storyboard */ = {
			isa = PBXVariantGroup;
			children = (
				A6B36AA42371CAE400912DB5 /* Base */,
			);
			name = Main.storyboard;
			sourceTree = "<group>";
		};
		A6B36AA82371CAE600912DB5 /* LaunchScreen.storyboard */ = {
			isa = PBXVariantGroup;
			children = (
				A6B36AA92371CAE600912DB5 /* Base */,
			);
			name = LaunchScreen.storyboard;
			sourceTree = "<group>";
		};
/* End PBXVariantGroup section */

/* Begin XCBuildConfiguration section */
		A6B36AAC2371CAE600912DB5 /* Debug */ = {
			isa = XCBuildConfiguration;
			buildSettings = {
				ALWAYS_SEARCH_USER_PATHS = NO;
				CLANG_ANALYZER_NONNULL = YES;
				CLANG_ANALYZER_NUMBER_OBJECT_CONVERSION = YES_AGGRESSIVE;
				CLANG_CXX_LANGUAGE_STANDARD = "gnu++14";
				CLANG_CXX_LIBRARY = "libc++";
				CLANG_ENABLE_MODULES = YES;
				CLANG_ENABLE_OBJC_ARC = YES;
				CLANG_ENABLE_OBJC_WEAK = YES;
				CLANG_WARN_BLOCK_CAPTURE_AUTORELEASING = YES;
				CLANG_WARN_BOOL_CONVERSION = YES;
				CLANG_WARN_COMMA = YES;
				CLANG_WARN_CONSTANT_CONVERSION = YES;
				CLANG_WARN_DEPRECATED_OBJC_IMPLEMENTATIONS = YES;
				CLANG_WARN_DIRECT_OBJC_ISA_USAGE = YES_ERROR;
				CLANG_WARN_DOCUMENTATION_COMMENTS = YES;
				CLANG_WARN_EMPTY_BODY = YES;
				CLANG_WARN_ENUM_CONVERSION = YES;
				CLANG_WARN_INFINITE_RECURSION = YES;
				CLANG_WARN_INT_CONVERSION = YES;
				CLANG_WARN_NON_LITERAL_NULL_CONVERSION = YES;
				CLANG_WARN_OBJC_IMPLICIT_RETAIN_SELF = YES;
				CLANG_WARN_OBJC_LITERAL_CONVERSION = YES;
				CLANG_WARN_OBJC_ROOT_CLASS = YES_ERROR;
				CLANG_WARN_RANGE_LOOP_ANALYSIS = YES;
				CLANG_WARN_STRICT_PROTOTYPES = YES;
				CLANG_WARN_SUSPICIOUS_MOVE = YES;
				CLANG_WARN_UNGUARDED_AVAILABILITY = YES_AGGRESSIVE;
				CLANG_WARN_UNREACHABLE_CODE = YES;
				CLANG_WARN__DUPLICATE_METHOD_MATCH = YES;
				COPY_PHASE_STRIP = NO;
				DEBUG_INFORMATION_FORMAT = dwarf;
				ENABLE_STRICT_OBJC_MSGSEND = YES;
				ENABLE_TESTABILITY = YES;
				GCC_C_LANGUAGE_STANDARD = gnu11;
				GCC_DYNAMIC_NO_PIC = NO;
				GCC_NO_COMMON_BLOCKS = YES;
				GCC_OPTIMIZATION_LEVEL = 0;
				GCC_PREPROCESSOR_DEFINITIONS = (
					"DEBUG=1",
					"$(inherited)",
				);
				GCC_WARN_64_TO_32_BIT_CONVERSION = YES;
				GCC_WARN_ABOUT_RETURN_TYPE = YES_ERROR;
				GCC_WARN_UNDECLARED_SELECTOR = YES;
				GCC_WARN_UNINITIALIZED_AUTOS = YES_AGGRESSIVE;
				GCC_WARN_UNUSED_FUNCTION = YES;
				GCC_WARN_UNUSED_VARIABLE = YES;
				IPHONEOS_DEPLOYMENT_TARGET = 11.0;
				MTL_ENABLE_DEBUG_INFO = INCLUDE_SOURCE;
				MTL_FAST_MATH = YES;
				ONLY_ACTIVE_ARCH = YES;
				SDKROOT = iphoneos;
				SWIFT_ACTIVE_COMPILATION_CONDITIONS = DEBUG;
				SWIFT_OPTIMIZATION_LEVEL = "-Onone";
			};
			name = Debug;
		};
		A6B36AAD2371CAE600912DB5 /* Release */ = {
			isa = XCBuildConfiguration;
			buildSettings = {
				ALWAYS_SEARCH_USER_PATHS = NO;
				CLANG_ANALYZER_NONNULL = YES;
				CLANG_ANALYZER_NUMBER_OBJECT_CONVERSION = YES_AGGRESSIVE;
				CLANG_CXX_LANGUAGE_STANDARD = "gnu++14";
				CLANG_CXX_LIBRARY = "libc++";
				CLANG_ENABLE_MODULES = YES;
				CLANG_ENABLE_OBJC_ARC = YES;
				CLANG_ENABLE_OBJC_WEAK = YES;
				CLANG_WARN_BLOCK_CAPTURE_AUTORELEASING = YES;
				CLANG_WARN_BOOL_CONVERSION = YES;
				CLANG_WARN_COMMA = YES;
				CLANG_WARN_CONSTANT_CONVERSION = YES;
				CLANG_WARN_DEPRECATED_OBJC_IMPLEMENTATIONS = YES;
				CLANG_WARN_DIRECT_OBJC_ISA_USAGE = YES_ERROR;
				CLANG_WARN_DOCUMENTATION_COMMENTS = YES;
				CLANG_WARN_EMPTY_BODY = YES;
				CLANG_WARN_ENUM_CONVERSION = YES;
				CLANG_WARN_INFINITE_RECURSION = YES;
				CLANG_WARN_INT_CONVERSION = YES;
				CLANG_WARN_NON_LITERAL_NULL_CONVERSION = YES;
				CLANG_WARN_OBJC_IMPLICIT_RETAIN_SELF = YES;
				CLANG_WARN_OBJC_LITERAL_CONVERSION = YES;
				CLANG_WARN_OBJC_ROOT_CLASS = YES_ERROR;
				CLANG_WARN_RANGE_LOOP_ANALYSIS = YES;
				CLANG_WARN_STRICT_PROTOTYPES = YES;
				CLANG_WARN_SUSPICIOUS_MOVE = YES;
				CLANG_WARN_UNGUARDED_AVAILABILITY = YES_AGGRESSIVE;
				CLANG_WARN_UNREACHABLE_CODE = YES;
				CLANG_WARN__DUPLICATE_METHOD_MATCH = YES;
				COPY_PHASE_STRIP = NO;
				DEBUG_INFORMATION_FORMAT = "dwarf-with-dsym";
				ENABLE_NS_ASSERTIONS = NO;
				ENABLE_STRICT_OBJC_MSGSEND = YES;
				GCC_C_LANGUAGE_STANDARD = gnu11;
				GCC_NO_COMMON_BLOCKS = YES;
				GCC_WARN_64_TO_32_BIT_CONVERSION = YES;
				GCC_WARN_ABOUT_RETURN_TYPE = YES_ERROR;
				GCC_WARN_UNDECLARED_SELECTOR = YES;
				GCC_WARN_UNINITIALIZED_AUTOS = YES_AGGRESSIVE;
				GCC_WARN_UNUSED_FUNCTION = YES;
				GCC_WARN_UNUSED_VARIABLE = YES;
				IPHONEOS_DEPLOYMENT_TARGET = 11.0;
				MTL_ENABLE_DEBUG_INFO = NO;
				MTL_FAST_MATH = YES;
				SDKROOT = iphoneos;
				SWIFT_COMPILATION_MODE = wholemodule;
				SWIFT_OPTIMIZATION_LEVEL = "-O";
				VALIDATE_PRODUCT = YES;
			};
			name = Release;
		};
		A6B36AAF2371CAE600912DB5 /* Debug */ = {
			isa = XCBuildConfiguration;
			buildSettings = {
				ASSETCATALOG_COMPILER_APPICON_NAME = AppIcon;
				CODE_SIGN_STYLE = Automatic;
				DEVELOPMENT_TEAM = T9TX49CS76;
				INFOPLIST_FILE = Instagrid/Info.plist;
				LD_RUNPATH_SEARCH_PATHS = (
					"$(inherited)",
					"@executable_path/Frameworks",
				);
				PRODUCT_BUNDLE_IDENTIFIER = com.AdamMokhtar.Instagrid;
				PRODUCT_NAME = "$(TARGET_NAME)";
				SWIFT_VERSION = 5.0;
				TARGETED_DEVICE_FAMILY = 1;
			};
			name = Debug;
		};
		A6B36AB02371CAE600912DB5 /* Release */ = {
			isa = XCBuildConfiguration;
			buildSettings = {
				ASSETCATALOG_COMPILER_APPICON_NAME = AppIcon;
				CODE_SIGN_STYLE = Automatic;
				DEVELOPMENT_TEAM = T9TX49CS76;
				INFOPLIST_FILE = Instagrid/Info.plist;
				LD_RUNPATH_SEARCH_PATHS = (
					"$(inherited)",
					"@executable_path/Frameworks",
				);
				PRODUCT_BUNDLE_IDENTIFIER = com.AdamMokhtar.Instagrid;
				PRODUCT_NAME = "$(TARGET_NAME)";
				SWIFT_VERSION = 5.0;
				TARGETED_DEVICE_FAMILY = 1;
			};
			name = Release;
		};
/* End XCBuildConfiguration section */

/* Begin XCConfigurationList section */
		A6B36A952371CAE400912DB5 /* Build configuration list for PBXProject "Instagrid" */ = {
			isa = XCConfigurationList;
			buildConfigurations = (
				A6B36AAC2371CAE600912DB5 /* Debug */,
				A6B36AAD2371CAE600912DB5 /* Release */,
			);
			defaultConfigurationIsVisible = 0;
			defaultConfigurationName = Release;
		};
		A6B36AAE2371CAE600912DB5 /* Build configuration list for PBXNativeTarget "Instagrid" */ = {
			isa = XCConfigurationList;
			buildConfigurations = (
				A6B36AAF2371CAE600912DB5 /* Debug */,
				A6B36AB02371CAE600912DB5 /* Release */,
			);
			defaultConfigurationIsVisible = 0;
			defaultConfigurationName = Release;
		};
/* End XCConfigurationList section */
	};
	rootObject = A6B36A922371CAE400912DB5 /* Project object */;
}
